
Microsoft Visual Studio Solution File, Format Version 12.00
# Visual Studio Version 17
VisualStudioVersion = 17.8.34330.188
MinimumVisualStudioVersion = 10.0.40219.1
Project("{FAE04EC0-301F-11D3-BF4B-00C04F79EFBC}") = "EMSFullStack", "EMSFullStack\EMSFullStack.csproj", "{1F12D018-12EE-43AD-A520-60AEC0808F61}"
EndProject
Global
	GlobalSection(SolutionConfigurationPlatforms) = preSolution
		Debug|Any CPU = Debug|Any CPU
		Release|Any CPU = Release|Any CPU
	EndGlobalSection
	GlobalSection(ProjectConfigurationPlatforms) = postSolution
		{1F12D018-12EE-43AD-A520-60AEC0808F61}.Debug|Any CPU.ActiveCfg = Debug|Any CPU
		{1F12D018-12EE-43AD-A520-60AEC0808F61}.Debug|Any CPU.Build.0 = Debug|Any CPU
		{1F12D018-12EE-43AD-A520-60AEC0808F61}.Release|Any CPU.ActiveCfg = Release|Any CPU
		{1F12D018-12EE-43AD-A520-60AEC0808F61}.Release|Any CPU.Build.0 = Release|Any CPU
	EndGlobalSection
	GlobalSection(SolutionProperties) = preSolution
		HideSolutionNode = FALSE
	EndGlobalSection
	GlobalSection(ExtensibilityGlobals) = postSolution
		SolutionGuid = {CFB895D7-6599-4A57-AD3A-09DE7F046EDB}
	EndGlobalSection
EndGlobal
